
Microsoft Visual Studio Solution File, Format Version 12.00
# Visual Studio Version 17
VisualStudioVersion = 17.10.34928.147
MinimumVisualStudioVersion = 10.0.40219.1
Project("{FAE04EC0-301F-11D3-BF4B-00C04F79EFBC}") = "RentalFlix", "RentalFlix\RentalFlix.csproj", "{A3A17A83-F0E0-4614-9400-140C6A7DE2CD}"
EndProject
Project("{2150E333-8FDC-42A3-9474-1A3956D46DE8}") = "Solution Items", "Solution Items", "{E4D5163B-AF0B-48D1-96B8-C1DD9EB1AB5B}"
	ProjectSection(SolutionItems) = preProject
		README.md = README.md
	EndProjectSection
EndProject
Global
	GlobalSection(SolutionConfigurationPlatforms) = preSolution
		Debug|Any CPU = Debug|Any CPU
		Release|Any CPU = Release|Any CPU
	EndGlobalSection
	GlobalSection(ProjectConfigurationPlatforms) = postSolution
		{A3A17A83-F0E0-4614-9400-140C6A7DE2CD}.Debug|Any CPU.ActiveCfg = Debug|Any CPU
		{A3A17A83-F0E0-4614-9400-140C6A7DE2CD}.Debug|Any CPU.Build.0 = Debug|Any CPU
		{A3A17A83-F0E0-4614-9400-140C6A7DE2CD}.Release|Any CPU.ActiveCfg = Release|Any CPU
		{A3A17A83-F0E0-4614-9400-140C6A7DE2CD}.Release|Any CPU.Build.0 = Release|Any CPU
	EndGlobalSection
	GlobalSection(SolutionProperties) = preSolution
		HideSolutionNode = FALSE
	EndGlobalSection
	GlobalSection(ExtensibilityGlobals) = postSolution
		SolutionGuid = {91C37A0A-4B7C-453A-A4E8-B494E0047CAF}
	EndGlobalSection
EndGlobal
